
Microsoft Visual Studio Solution File, Format Version 12.00
# Visual Studio 2013
VisualStudioVersion = 12.0.31101.0
MinimumVisualStudioVersion = 10.0.40219.1
Project("{FAE04EC0-301F-11D3-BF4B-00C04F79EFBC}") = "01FillТheMatrix", "01FillТheMatrix\01FillТheMatrix.csproj", "{C9A81CC4-CB3B-4C4C-A6F7-55A4149ECBC5}"
EndProject
Project("{FAE04EC0-301F-11D3-BF4B-00C04F79EFBC}") = "02MaximalSum", "02MaximalSum\02MaximalSum.csproj", "{8D156F10-D06C-435D-A517-5D78D0155059}"
EndProject
Project("{FAE04EC0-301F-11D3-BF4B-00C04F79EFBC}") = "03MatrixShuffling", "03MatrixShuffling\03MatrixShuffling.csproj", "{8A8C19C7-E7DA-4DEF-BBA5-1260353385FD}"
EndProject
Project("{FAE04EC0-301F-11D3-BF4B-00C04F79EFBC}") = "06CountSymbols", "06CountSymbols\06CountSymbols.csproj", "{1BD60E10-8589-4928-A08B-2647765482F9}"
EndProject
Global
	GlobalSection(SolutionConfigurationPlatforms) = preSolution
		Debug|Any CPU = Debug|Any CPU
		Release|Any CPU = Release|Any CPU
	EndGlobalSection
	GlobalSection(ProjectConfigurationPlatforms) = postSolution
		{C9A81CC4-CB3B-4C4C-A6F7-55A4149ECBC5}.Debug|Any CPU.ActiveCfg = Debug|Any CPU
		{C9A81CC4-CB3B-4C4C-A6F7-55A4149ECBC5}.Debug|Any CPU.Build.0 = Debug|Any CPU
		{C9A81CC4-CB3B-4C4C-A6F7-55A4149ECBC5}.Release|Any CPU.ActiveCfg = Release|Any CPU
		{C9A81CC4-CB3B-4C4C-A6F7-55A4149ECBC5}.Release|Any CPU.Build.0 = Release|Any CPU
		{8D156F10-D06C-435D-A517-5D78D0155059}.Debug|Any CPU.ActiveCfg = Debug|Any CPU
		{8D156F10-D06C-435D-A517-5D78D0155059}.Debug|Any CPU.Build.0 = Debug|Any CPU
		{8D156F10-D06C-435D-A517-5D78D0155059}.Release|Any CPU.ActiveCfg = Release|Any CPU
		{8D156F10-D06C-435D-A517-5D78D0155059}.Release|Any CPU.Build.0 = Release|Any CPU
		{8A8C19C7-E7DA-4DEF-BBA5-1260353385FD}.Debug|Any CPU.ActiveCfg = Debug|Any CPU
		{8A8C19C7-E7DA-4DEF-BBA5-1260353385FD}.Debug|Any CPU.Build.0 = Debug|Any CPU
		{8A8C19C7-E7DA-4DEF-BBA5-1260353385FD}.Release|Any CPU.ActiveCfg = Release|Any CPU
		{8A8C19C7-E7DA-4DEF-BBA5-1260353385FD}.Release|Any CPU.Build.0 = Release|Any CPU
		{1BD60E10-8589-4928-A08B-2647765482F9}.Debug|Any CPU.ActiveCfg = Debug|Any CPU
		{1BD60E10-8589-4928-A08B-2647765482F9}.Debug|Any CPU.Build.0 = Debug|Any CPU
		{1BD60E10-8589-4928-A08B-2647765482F9}.Release|Any CPU.ActiveCfg = Release|Any CPU
		{1BD60E10-8589-4928-A08B-2647765482F9}.Release|Any CPU.Build.0 = Release|Any CPU
	EndGlobalSection
	GlobalSection(SolutionProperties) = preSolution
		HideSolutionNode = FALSE
	EndGlobalSection
EndGlobal
