
Microsoft Visual Studio Solution File, Format Version 12.00
# Visual Studio 2013
VisualStudioVersion = 12.0.31101.0
MinimumVisualStudioVersion = 10.0.40219.1
Project("{FAE04EC0-301F-11D3-BF4B-00C04F79EFBC}") = "02Customer", "02Customer\02Customer.csproj", "{4DFEF0FE-5B85-4EFA-A7E8-3E8D48271AD6}"
EndProject
Project("{FAE04EC0-301F-11D3-BF4B-00C04F79EFBC}") = "03StringDisperser", "03StringDisperser\03StringDisperser.csproj", "{A627F44E-8449-4F58-B74C-1EAD1DE212CA}"
EndProject
Global
	GlobalSection(SolutionConfigurationPlatforms) = preSolution
		Debug|Any CPU = Debug|Any CPU
		Release|Any CPU = Release|Any CPU
	EndGlobalSection
	GlobalSection(ProjectConfigurationPlatforms) = postSolution
		{4DFEF0FE-5B85-4EFA-A7E8-3E8D48271AD6}.Debug|Any CPU.ActiveCfg = Debug|Any CPU
		{4DFEF0FE-5B85-4EFA-A7E8-3E8D48271AD6}.Debug|Any CPU.Build.0 = Debug|Any CPU
		{4DFEF0FE-5B85-4EFA-A7E8-3E8D48271AD6}.Release|Any CPU.ActiveCfg = Release|Any CPU
		{4DFEF0FE-5B85-4EFA-A7E8-3E8D48271AD6}.Release|Any CPU.Build.0 = Release|Any CPU
		{A627F44E-8449-4F58-B74C-1EAD1DE212CA}.Debug|Any CPU.ActiveCfg = Debug|Any CPU
		{A627F44E-8449-4F58-B74C-1EAD1DE212CA}.Debug|Any CPU.Build.0 = Debug|Any CPU
		{A627F44E-8449-4F58-B74C-1EAD1DE212CA}.Release|Any CPU.ActiveCfg = Release|Any CPU
		{A627F44E-8449-4F58-B74C-1EAD1DE212CA}.Release|Any CPU.Build.0 = Release|Any CPU
	EndGlobalSection
	GlobalSection(SolutionProperties) = preSolution
		HideSolutionNode = FALSE
	EndGlobalSection
EndGlobal
