
Microsoft Visual Studio Solution File, Format Version 12.00
# Visual Studio 2013
VisualStudioVersion = 12.0.31101.0
MinimumVisualStudioVersion = 10.0.40219.1
Project("{FAE04EC0-301F-11D3-BF4B-00C04F79EFBC}") = "01Square Root", "01Square Root\01Square Root.csproj", "{04384CE9-762F-463D-8AA9-F205559B82CE}"
EndProject
Project("{FAE04EC0-301F-11D3-BF4B-00C04F79EFBC}") = "02EnterNumbers", "02EnterNumbers\02EnterNumbers.csproj", "{6F7612E1-13FE-4955-B2F0-46DDB272400A}"
EndProject
Global
	GlobalSection(SolutionConfigurationPlatforms) = preSolution
		Debug|Any CPU = Debug|Any CPU
		Release|Any CPU = Release|Any CPU
	EndGlobalSection
	GlobalSection(ProjectConfigurationPlatforms) = postSolution
		{04384CE9-762F-463D-8AA9-F205559B82CE}.Debug|Any CPU.ActiveCfg = Debug|Any CPU
		{04384CE9-762F-463D-8AA9-F205559B82CE}.Debug|Any CPU.Build.0 = Debug|Any CPU
		{04384CE9-762F-463D-8AA9-F205559B82CE}.Release|Any CPU.ActiveCfg = Release|Any CPU
		{04384CE9-762F-463D-8AA9-F205559B82CE}.Release|Any CPU.Build.0 = Release|Any CPU
		{6F7612E1-13FE-4955-B2F0-46DDB272400A}.Debug|Any CPU.ActiveCfg = Debug|Any CPU
		{6F7612E1-13FE-4955-B2F0-46DDB272400A}.Debug|Any CPU.Build.0 = Debug|Any CPU
		{6F7612E1-13FE-4955-B2F0-46DDB272400A}.Release|Any CPU.ActiveCfg = Release|Any CPU
		{6F7612E1-13FE-4955-B2F0-46DDB272400A}.Release|Any CPU.Build.0 = Release|Any CPU
	EndGlobalSection
	GlobalSection(SolutionProperties) = preSolution
		HideSolutionNode = FALSE
	EndGlobalSection
EndGlobal
